
Microsoft Visual Studio Solution File, Format Version 12.00
# Visual Studio Version 16
VisualStudioVersion = 16.0.31727.386
MinimumVisualStudioVersion = 10.0.40219.1
Project("{9A19103F-16F7-4668-BE54-9A1E7A4F7556}") = "OO.HandsOn", "OO.HandsOn\OO.HandsOn.csproj", "{F113CAC3-5217-4B84-8D8D-7AA4DC056728}"
EndProject
Project("{FAE04EC0-301F-11D3-BF4B-00C04F79EFBC}") = "OO.Sample", "OO.Sample\OO.Sample.csproj", "{50639725-F64D-44F3-A1F3-AEA339E6A086}"
EndProject
Project("{FAE04EC0-301F-11D3-BF4B-00C04F79EFBC}") = "SOLID.Sample1", "SOLID.Sample1\SOLID.Sample1.csproj", "{5478B459-B907-4F7A-ACDD-8971EF740078}"
EndProject
Global
	GlobalSection(SolutionConfigurationPlatforms) = preSolution
		Debug|Any CPU = Debug|Any CPU
		Release|Any CPU = Release|Any CPU
	EndGlobalSection
	GlobalSection(ProjectConfigurationPlatforms) = postSolution
		{F113CAC3-5217-4B84-8D8D-7AA4DC056728}.Debug|Any CPU.ActiveCfg = Debug|Any CPU
		{F113CAC3-5217-4B84-8D8D-7AA4DC056728}.Debug|Any CPU.Build.0 = Debug|Any CPU
		{F113CAC3-5217-4B84-8D8D-7AA4DC056728}.Release|Any CPU.ActiveCfg = Release|Any CPU
		{F113CAC3-5217-4B84-8D8D-7AA4DC056728}.Release|Any CPU.Build.0 = Release|Any CPU
		{50639725-F64D-44F3-A1F3-AEA339E6A086}.Debug|Any CPU.ActiveCfg = Debug|Any CPU
		{50639725-F64D-44F3-A1F3-AEA339E6A086}.Debug|Any CPU.Build.0 = Debug|Any CPU
		{50639725-F64D-44F3-A1F3-AEA339E6A086}.Release|Any CPU.ActiveCfg = Release|Any CPU
		{50639725-F64D-44F3-A1F3-AEA339E6A086}.Release|Any CPU.Build.0 = Release|Any CPU
		{5478B459-B907-4F7A-ACDD-8971EF740078}.Debug|Any CPU.ActiveCfg = Debug|Any CPU
		{5478B459-B907-4F7A-ACDD-8971EF740078}.Debug|Any CPU.Build.0 = Debug|Any CPU
		{5478B459-B907-4F7A-ACDD-8971EF740078}.Release|Any CPU.ActiveCfg = Release|Any CPU
		{5478B459-B907-4F7A-ACDD-8971EF740078}.Release|Any CPU.Build.0 = Release|Any CPU
	EndGlobalSection
	GlobalSection(SolutionProperties) = preSolution
		HideSolutionNode = FALSE
	EndGlobalSection
	GlobalSection(ExtensibilityGlobals) = postSolution
		SolutionGuid = {13EBA888-7C2C-4139-89AF-7E00E7DF97FA}
	EndGlobalSection
EndGlobal
